// !$*UTF8*$!
{
	archiveVersion = 1;
	classes = {
	};
	objectVersion = 56;
	objects = {

/* Begin PBXBuildFile section */
		5908442A2ABED53E00DE2051 /* KasNusantaraApp.swift in Sources */ = {isa = PBXBuildFile; fileRef = 590844292ABED53E00DE2051 /* KasNusantaraApp.swift */; };
		5908442C2ABED53E00DE2051 /* ContentView.swift in Sources */ = {isa = PBXBuildFile; fileRef = 5908442B2ABED53E00DE2051 /* ContentView.swift */; };
		5908442E2ABED53F00DE2051 /* Assets.xcassets in Resources */ = {isa = PBXBuildFile; fileRef = 5908442D2ABED53F00DE2051 /* Assets.xcassets */; };
		590844312ABED53F00DE2051 /* Preview Assets.xcassets in Resources */ = {isa = PBXBuildFile; fileRef = 590844302ABED53F00DE2051 /* Preview Assets.xcassets */; };
		590844412ABED5E700DE2051 /* LoginView.swift in Sources */ = {isa = PBXBuildFile; fileRef = 590844402ABED5E700DE2051 /* LoginView.swift */; };
		590844432ABED60100DE2051 /* LogoView.swift in Sources */ = {isa = PBXBuildFile; fileRef = 590844422ABED60100DE2051 /* LogoView.swift */; };
		590844452ABFC20F00DE2051 /* UserData.swift in Sources */ = {isa = PBXBuildFile; fileRef = 590844442ABFC20F00DE2051 /* UserData.swift */; };
		590844472AC0147200DE2051 /* ButtonLoginView.swift in Sources */ = {isa = PBXBuildFile; fileRef = 590844462AC0147200DE2051 /* ButtonLoginView.swift */; };
		590844492AC015EF00DE2051 /* TextBoxView.swift in Sources */ = {isa = PBXBuildFile; fileRef = 590844482AC015EF00DE2051 /* TextBoxView.swift */; };
		599CD0522AC53312000882E6 /* LoginController.swift in Sources */ = {isa = PBXBuildFile; fileRef = 599CD0512AC53312000882E6 /* LoginController.swift */; };
		599CD05C2AC59BA8000882E6 /* InOutView.swift in Sources */ = {isa = PBXBuildFile; fileRef = 599CD05B2AC59BA8000882E6 /* InOutView.swift */; };
		599CD05E2AC59BB7000882E6 /* HomeView.swift in Sources */ = {isa = PBXBuildFile; fileRef = 599CD05D2AC59BB7000882E6 /* HomeView.swift */; };
		599CD0642AC59BF5000882E6 /* CashFlowView.swift in Sources */ = {isa = PBXBuildFile; fileRef = 599CD0632AC59BF5000882E6 /* CashFlowView.swift */; };
		599CD06B2AC59C3F000882E6 /* ProfileView.swift in Sources */ = {isa = PBXBuildFile; fileRef = 599CD06A2AC59C3F000882E6 /* ProfileView.swift */; };
		599CD06D2AC935B2000882E6 /* Variabel.swift in Sources */ = {isa = PBXBuildFile; fileRef = 599CD06C2AC935B1000882E6 /* Variabel.swift */; };
		599CD06F2AC93A2C000882E6 /* ButtonCustom.swift in Sources */ = {isa = PBXBuildFile; fileRef = 599CD06E2AC93A2C000882E6 /* ButtonCustom.swift */; };
		599CD0712ACA9C3A000882E6 /* TransactionData.swift in Sources */ = {isa = PBXBuildFile; fileRef = 599CD0702ACA9C3A000882E6 /* TransactionData.swift */; };
		599CD0732ACAA8BB000882E6 /* DatePickerView.swift in Sources */ = {isa = PBXBuildFile; fileRef = 599CD0722ACAA8BB000882E6 /* DatePickerView.swift */; };
		599CD0752ACB7829000882E6 /* TextFieldNumberView.swift in Sources */ = {isa = PBXBuildFile; fileRef = 599CD0742ACB7829000882E6 /* TextFieldNumberView.swift */; };
		599CD0772ACBF29E000882E6 /* ListView.swift in Sources */ = {isa = PBXBuildFile; fileRef = 599CD0762ACBF29E000882E6 /* ListView.swift */; };
/* End PBXBuildFile section */

/* Begin PBXFileReference section */
		590844262ABED53E00DE2051 /* KasNusantara.app */ = {isa = PBXFileReference; explicitFileType = wrapper.application; includeInIndex = 0; path = KasNusantara.app; sourceTree = BUILT_PRODUCTS_DIR; };
		590844292ABED53E00DE2051 /* KasNusantaraApp.swift */ = {isa = PBXFileReference; lastKnownFileType = sourcecode.swift; path = KasNusantaraApp.swift; sourceTree = "<group>"; };
		5908442B2ABED53E00DE2051 /* ContentView.swift */ = {isa = PBXFileReference; lastKnownFileType = sourcecode.swift; path = ContentView.swift; sourceTree = "<group>"; };
		5908442D2ABED53F00DE2051 /* Assets.xcassets */ = {isa = PBXFileReference; lastKnownFileType = folder.assetcatalog; path = Assets.xcassets; sourceTree = "<group>"; };
		590844302ABED53F00DE2051 /* Preview Assets.xcassets */ = {isa = PBXFileReference; lastKnownFileType = folder.assetcatalog; path = "Preview Assets.xcassets"; sourceTree = "<group>"; };
		590844402ABED5E700DE2051 /* LoginView.swift */ = {isa = PBXFileReference; lastKnownFileType = sourcecode.swift; path = LoginView.swift; sourceTree = "<group>"; };
		590844422ABED60100DE2051 /* LogoView.swift */ = {isa = PBXFileReference; lastKnownFileType = sourcecode.swift; path = LogoView.swift; sourceTree = "<group>"; };
		590844442ABFC20F00DE2051 /* UserData.swift */ = {isa = PBXFileReference; lastKnownFileType = sourcecode.swift; path = UserData.swift; sourceTree = "<group>"; };
		590844462AC0147200DE2051 /* ButtonLoginView.swift */ = {isa = PBXFileReference; lastKnownFileType = sourcecode.swift; path = ButtonLoginView.swift; sourceTree = "<group>"; };
		590844482AC015EF00DE2051 /* TextBoxView.swift */ = {isa = PBXFileReference; lastKnownFileType = sourcecode.swift; path = TextBoxView.swift; sourceTree = "<group>"; };
		599CD0512AC53312000882E6 /* LoginController.swift */ = {isa = PBXFileReference; lastKnownFileType = sourcecode.swift; path = LoginController.swift; sourceTree = "<group>"; };
		599CD05B2AC59BA8000882E6 /* InOutView.swift */ = {isa = PBXFileReference; lastKnownFileType = sourcecode.swift; path = InOutView.swift; sourceTree = "<group>"; };
		599CD05D2AC59BB7000882E6 /* HomeView.swift */ = {isa = PBXFileReference; lastKnownFileType = sourcecode.swift; path = HomeView.swift; sourceTree = "<group>"; };
		599CD0632AC59BF5000882E6 /* CashFlowView.swift */ = {isa = PBXFileReference; lastKnownFileType = sourcecode.swift; path = CashFlowView.swift; sourceTree = "<group>"; };
		599CD06A2AC59C3F000882E6 /* ProfileView.swift */ = {isa = PBXFileReference; lastKnownFileType = sourcecode.swift; path = ProfileView.swift; sourceTree = "<group>"; };
		599CD06C2AC935B1000882E6 /* Variabel.swift */ = {isa = PBXFileReference; lastKnownFileType = sourcecode.swift; path = Variabel.swift; sourceTree = "<group>"; };
		599CD06E2AC93A2C000882E6 /* ButtonCustom.swift */ = {isa = PBXFileReference; lastKnownFileType = sourcecode.swift; path = ButtonCustom.swift; sourceTree = "<group>"; };
		599CD0702ACA9C3A000882E6 /* TransactionData.swift */ = {isa = PBXFileReference; lastKnownFileType = sourcecode.swift; path = TransactionData.swift; sourceTree = "<group>"; };
		599CD0722ACAA8BB000882E6 /* DatePickerView.swift */ = {isa = PBXFileReference; lastKnownFileType = sourcecode.swift; path = DatePickerView.swift; sourceTree = "<group>"; };
		599CD0742ACB7829000882E6 /* TextFieldNumberView.swift */ = {isa = PBXFileReference; lastKnownFileType = sourcecode.swift; path = TextFieldNumberView.swift; sourceTree = "<group>"; };
		599CD0762ACBF29E000882E6 /* ListView.swift */ = {isa = PBXFileReference; lastKnownFileType = sourcecode.swift; path = ListView.swift; sourceTree = "<group>"; };
/* End PBXFileReference section */

/* Begin PBXFrameworksBuildPhase section */
		590844232ABED53E00DE2051 /* Frameworks */ = {
			isa = PBXFrameworksBuildPhase;
			buildActionMask = 2147483647;
			files = (
			);
			runOnlyForDeploymentPostprocessing = 0;
		};
/* End PBXFrameworksBuildPhase section */

/* Begin PBXGroup section */
		5908441D2ABED53E00DE2051 = {
			isa = PBXGroup;
			children = (
				590844282ABED53E00DE2051 /* KasNusantara */,
				590844272ABED53E00DE2051 /* Products */,
			);
			sourceTree = "<group>";
		};
		590844272ABED53E00DE2051 /* Products */ = {
			isa = PBXGroup;
			children = (
				590844262ABED53E00DE2051 /* KasNusantara.app */,
			);
			name = Products;
			sourceTree = "<group>";
		};
		590844282ABED53E00DE2051 /* KasNusantara */ = {
			isa = PBXGroup;
			children = (
				599CD0652AC59BFB000882E6 /* ProfileView */,
				599CD05F2AC59BC8000882E6 /* CashFlowView */,
				599CD0572AC59B72000882E6 /* HomeView */,
				599CD0532AC59AF9000882E6 /* InOutView */,
				5908443B2ABED59700DE2051 /* LoginView */,
				590844372ABED55F00DE2051 /* Global */,
				590844292ABED53E00DE2051 /* KasNusantaraApp.swift */,
				5908442B2ABED53E00DE2051 /* ContentView.swift */,
				5908442D2ABED53F00DE2051 /* Assets.xcassets */,
				5908442F2ABED53F00DE2051 /* Preview Content */,
			);
			path = KasNusantara;
			sourceTree = "<group>";
		};
		5908442F2ABED53F00DE2051 /* Preview Content */ = {
			isa = PBXGroup;
			children = (
				590844302ABED53F00DE2051 /* Preview Assets.xcassets */,
			);
			path = "Preview Content";
			sourceTree = "<group>";
		};
		590844372ABED55F00DE2051 /* Global */ = {
			isa = PBXGroup;
			children = (
				5908443A2ABED57E00DE2051 /* Components */,
				590844392ABED57600DE2051 /* Controllers */,
				590844382ABED56E00DE2051 /* Models */,
			);
			path = Global;
			sourceTree = "<group>";
		};
		590844382ABED56E00DE2051 /* Models */ = {
			isa = PBXGroup;
			children = (
				599CD06C2AC935B1000882E6 /* Variabel.swift */,
			);
			path = Models;
			sourceTree = "<group>";
		};
		590844392ABED57600DE2051 /* Controllers */ = {
			isa = PBXGroup;
			children = (
			);
			path = Controllers;
			sourceTree = "<group>";
		};
		5908443A2ABED57E00DE2051 /* Components */ = {
			isa = PBXGroup;
			children = (
			);
			path = Components;
			sourceTree = "<group>";
		};
		5908443B2ABED59700DE2051 /* LoginView */ = {
			isa = PBXGroup;
			children = (
				5908443F2ABED5D600DE2051 /* Components */,
				5908443E2ABED5CE00DE2051 /* Controllers */,
				5908443D2ABED5C900DE2051 /* Models */,
				590844402ABED5E700DE2051 /* LoginView.swift */,
			);
			path = LoginView;
			sourceTree = "<group>";
		};
		5908443D2ABED5C900DE2051 /* Models */ = {
			isa = PBXGroup;
			children = (
				590844442ABFC20F00DE2051 /* UserData.swift */,
			);
			path = Models;
			sourceTree = "<group>";
		};
		5908443E2ABED5CE00DE2051 /* Controllers */ = {
			isa = PBXGroup;
			children = (
				599CD0512AC53312000882E6 /* LoginController.swift */,
			);
			path = Controllers;
			sourceTree = "<group>";
		};
		5908443F2ABED5D600DE2051 /* Components */ = {
			isa = PBXGroup;
			children = (
				590844422ABED60100DE2051 /* LogoView.swift */,
				590844462AC0147200DE2051 /* ButtonLoginView.swift */,
				590844482AC015EF00DE2051 /* TextBoxView.swift */,
			);
			path = Components;
			sourceTree = "<group>";
		};
		599CD0532AC59AF9000882E6 /* InOutView */ = {
			isa = PBXGroup;
			children = (
				599CD0562AC59B65000882E6 /* Components */,
				599CD0552AC59B5B000882E6 /* Controllers */,
				599CD0542AC59B54000882E6 /* Models */,
				599CD05B2AC59BA8000882E6 /* InOutView.swift */,
			);
			path = InOutView;
			sourceTree = "<group>";
		};
		599CD0542AC59B54000882E6 /* Models */ = {
			isa = PBXGroup;
			children = (
			);
			path = Models;
			sourceTree = "<group>";
		};
		599CD0552AC59B5B000882E6 /* Controllers */ = {
			isa = PBXGroup;
			children = (
			);
			path = Controllers;
			sourceTree = "<group>";
		};
		599CD0562AC59B65000882E6 /* Components */ = {
			isa = PBXGroup;
			children = (
				599CD0722ACAA8BB000882E6 /* DatePickerView.swift */,
				599CD0742ACB7829000882E6 /* TextFieldNumberView.swift */,
			);
			path = Components;
			sourceTree = "<group>";
		};
		599CD0572AC59B72000882E6 /* HomeView */ = {
			isa = PBXGroup;
			children = (
				599CD05A2AC59B8F000882E6 /* Components */,
				599CD0592AC59B87000882E6 /* Controllers */,
				599CD0582AC59B80000882E6 /* Models */,
				599CD05D2AC59BB7000882E6 /* HomeView.swift */,
			);
			path = HomeView;
			sourceTree = "<group>";
		};
		599CD0582AC59B80000882E6 /* Models */ = {
			isa = PBXGroup;
			children = (
				599CD0702ACA9C3A000882E6 /* TransactionData.swift */,
			);
			path = Models;
			sourceTree = "<group>";
		};
		599CD0592AC59B87000882E6 /* Controllers */ = {
			isa = PBXGroup;
			children = (
			);
			path = Controllers;
			sourceTree = "<group>";
		};
		599CD05A2AC59B8F000882E6 /* Components */ = {
			isa = PBXGroup;
			children = (
				599CD06E2AC93A2C000882E6 /* ButtonCustom.swift */,
			);
			path = Components;
			sourceTree = "<group>";
		};
		599CD05F2AC59BC8000882E6 /* CashFlowView */ = {
			isa = PBXGroup;
			children = (
				599CD0622AC59BE2000882E6 /* Components */,
				599CD0612AC59BD9000882E6 /* Controllers */,
				599CD0602AC59BD3000882E6 /* Models */,
				599CD0632AC59BF5000882E6 /* CashFlowView.swift */,
			);
			path = CashFlowView;
			sourceTree = "<group>";
		};
		599CD0602AC59BD3000882E6 /* Models */ = {
			isa = PBXGroup;
			children = (
			);
			path = Models;
			sourceTree = "<group>";
		};
		599CD0612AC59BD9000882E6 /* Controllers */ = {
			isa = PBXGroup;
			children = (
			);
			path = Controllers;
			sourceTree = "<group>";
		};
		599CD0622AC59BE2000882E6 /* Components */ = {
			isa = PBXGroup;
			children = (
				599CD0762ACBF29E000882E6 /* ListView.swift */,
			);
			path = Components;
			sourceTree = "<group>";
		};
		599CD0652AC59BFB000882E6 /* ProfileView */ = {
			isa = PBXGroup;
			children = (
				599CD0682AC59C18000882E6 /* Components */,
				599CD0672AC59C0E000882E6 /* Controllers */,
				599CD0662AC59C09000882E6 /* Models */,
				599CD06A2AC59C3F000882E6 /* ProfileView.swift */,
			);
			path = ProfileView;
			sourceTree = "<group>";
		};
		599CD0662AC59C09000882E6 /* Models */ = {
			isa = PBXGroup;
			children = (
			);
			path = Models;
			sourceTree = "<group>";
		};
		599CD0672AC59C0E000882E6 /* Controllers */ = {
			isa = PBXGroup;
			children = (
			);
			path = Controllers;
			sourceTree = "<group>";
		};
		599CD0682AC59C18000882E6 /* Components */ = {
			isa = PBXGroup;
			children = (
			);
			path = Components;
			sourceTree = "<group>";
		};
/* End PBXGroup section */

/* Begin PBXNativeTarget section */
		590844252ABED53E00DE2051 /* KasNusantara */ = {
			isa = PBXNativeTarget;
			buildConfigurationList = 590844342ABED53F00DE2051 /* Build configuration list for PBXNativeTarget "KasNusantara" */;
			buildPhases = (
				590844222ABED53E00DE2051 /* Sources */,
				590844232ABED53E00DE2051 /* Frameworks */,
				590844242ABED53E00DE2051 /* Resources */,
			);
			buildRules = (
			);
			dependencies = (
			);
			name = KasNusantara;
			productName = KasNusantara;
			productReference = 590844262ABED53E00DE2051 /* KasNusantara.app */;
			productType = "com.apple.product-type.application";
		};
/* End PBXNativeTarget section */

/* Begin PBXProject section */
		5908441E2ABED53E00DE2051 /* Project object */ = {
			isa = PBXProject;
			attributes = {
				BuildIndependentTargetsInParallel = 1;
				LastSwiftUpdateCheck = 1500;
				LastUpgradeCheck = 1500;
				TargetAttributes = {
					590844252ABED53E00DE2051 = {
						CreatedOnToolsVersion = 15.0;
					};
				};
			};
			buildConfigurationList = 590844212ABED53E00DE2051 /* Build configuration list for PBXProject "KasNusantara" */;
			compatibilityVersion = "Xcode 14.0";
			developmentRegion = en;
			hasScannedForEncodings = 0;
			knownRegions = (
				en,
				Base,
			);
			mainGroup = 5908441D2ABED53E00DE2051;
			productRefGroup = 590844272ABED53E00DE2051 /* Products */;
			projectDirPath = "";
			projectRoot = "";
			targets = (
				590844252ABED53E00DE2051 /* KasNusantara */,
			);
		};
/* End PBXProject section */

/* Begin PBXResourcesBuildPhase section */
		590844242ABED53E00DE2051 /* Resources */ = {
			isa = PBXResourcesBuildPhase;
			buildActionMask = 2147483647;
			files = (
				590844312ABED53F00DE2051 /* Preview Assets.xcassets in Resources */,
				5908442E2ABED53F00DE2051 /* Assets.xcassets in Resources */,
			);
			runOnlyForDeploymentPostprocessing = 0;
		};
/* End PBXResourcesBuildPhase section */

/* Begin PBXSourcesBuildPhase section */
		590844222ABED53E00DE2051 /* Sources */ = {
			isa = PBXSourcesBuildPhase;
			buildActionMask = 2147483647;
			files = (
				599CD0752ACB7829000882E6 /* TextFieldNumberView.swift in Sources */,
				599CD05C2AC59BA8000882E6 /* InOutView.swift in Sources */,
				590844412ABED5E700DE2051 /* LoginView.swift in Sources */,
				590844432ABED60100DE2051 /* LogoView.swift in Sources */,
				599CD05E2AC59BB7000882E6 /* HomeView.swift in Sources */,
				599CD06B2AC59C3F000882E6 /* ProfileView.swift in Sources */,
				599CD0642AC59BF5000882E6 /* CashFlowView.swift in Sources */,
				599CD0732ACAA8BB000882E6 /* DatePickerView.swift in Sources */,
				599CD0772ACBF29E000882E6 /* ListView.swift in Sources */,
				599CD0712ACA9C3A000882E6 /* TransactionData.swift in Sources */,
				599CD06F2AC93A2C000882E6 /* ButtonCustom.swift in Sources */,
				5908442C2ABED53E00DE2051 /* ContentView.swift in Sources */,
				590844452ABFC20F00DE2051 /* UserData.swift in Sources */,
				599CD06D2AC935B2000882E6 /* Variabel.swift in Sources */,
				590844492AC015EF00DE2051 /* TextBoxView.swift in Sources */,
				599CD0522AC53312000882E6 /* LoginController.swift in Sources */,
				590844472AC0147200DE2051 /* ButtonLoginView.swift in Sources */,
				5908442A2ABED53E00DE2051 /* KasNusantaraApp.swift in Sources */,
			);
			runOnlyForDeploymentPostprocessing = 0;
		};
/* End PBXSourcesBuildPhase section */

/* Begin XCBuildConfiguration section */
		590844322ABED53F00DE2051 /* Debug */ = {
			isa = XCBuildConfiguration;
			buildSettings = {
				ALWAYS_SEARCH_USER_PATHS = NO;
				ASSETCATALOG_COMPILER_GENERATE_SWIFT_ASSET_SYMBOL_EXTENSIONS = YES;
				CLANG_ANALYZER_NONNULL = YES;
				CLANG_ANALYZER_NUMBER_OBJECT_CONVERSION = YES_AGGRESSIVE;
				CLANG_CXX_LANGUAGE_STANDARD = "gnu++20";
				CLANG_ENABLE_MODULES = YES;
				CLANG_ENABLE_OBJC_ARC = YES;
				CLANG_ENABLE_OBJC_WEAK = YES;
				CLANG_WARN_BLOCK_CAPTURE_AUTORELEASING = YES;
				CLANG_WARN_BOOL_CONVERSION = YES;
				CLANG_WARN_COMMA = YES;
				CLANG_WARN_CONSTANT_CONVERSION = YES;
				CLANG_WARN_DEPRECATED_OBJC_IMPLEMENTATIONS = YES;
				CLANG_WARN_DIRECT_OBJC_ISA_USAGE = YES_ERROR;
				CLANG_WARN_DOCUMENTATION_COMMENTS = YES;
				CLANG_WARN_EMPTY_BODY = YES;
				CLANG_WARN_ENUM_CONVERSION = YES;
				CLANG_WARN_INFINITE_RECURSION = YES;
				CLANG_WARN_INT_CONVERSION = YES;
				CLANG_WARN_NON_LITERAL_NULL_CONVERSION = YES;
				CLANG_WARN_OBJC_IMPLICIT_RETAIN_SELF = YES;
				CLANG_WARN_OBJC_LITERAL_CONVERSION = YES;
				CLANG_WARN_OBJC_ROOT_CLASS = YES_ERROR;
				CLANG_WARN_QUOTED_INCLUDE_IN_FRAMEWORK_HEADER = YES;
				CLANG_WARN_RANGE_LOOP_ANALYSIS = YES;
				CLANG_WARN_STRICT_PROTOTYPES = YES;
				CLANG_WARN_SUSPICIOUS_MOVE = YES;
				CLANG_WARN_UNGUARDED_AVAILABILITY = YES_AGGRESSIVE;
				CLANG_WARN_UNREACHABLE_CODE = YES;
				CLANG_WARN__DUPLICATE_METHOD_MATCH = YES;
				COPY_PHASE_STRIP = NO;
				DEBUG_INFORMATION_FORMAT = dwarf;
				ENABLE_STRICT_OBJC_MSGSEND = YES;
				ENABLE_TESTABILITY = YES;
				ENABLE_USER_SCRIPT_SANDBOXING = YES;
				GCC_C_LANGUAGE_STANDARD = gnu17;
				GCC_DYNAMIC_NO_PIC = NO;
				GCC_NO_COMMON_BLOCKS = YES;
				GCC_OPTIMIZATION_LEVEL = 0;
				GCC_PREPROCESSOR_DEFINITIONS = (
					"DEBUG=1",
					"$(inherited)",
				);
				GCC_WARN_64_TO_32_BIT_CONVERSION = YES;
				GCC_WARN_ABOUT_RETURN_TYPE = YES_ERROR;
				GCC_WARN_UNDECLARED_SELECTOR = YES;
				GCC_WARN_UNINITIALIZED_AUTOS = YES_AGGRESSIVE;
				GCC_WARN_UNUSED_FUNCTION = YES;
				GCC_WARN_UNUSED_VARIABLE = YES;
				IPHONEOS_DEPLOYMENT_TARGET = 17.0;
				LOCALIZATION_PREFERS_STRING_CATALOGS = YES;
				MTL_ENABLE_DEBUG_INFO = INCLUDE_SOURCE;
				MTL_FAST_MATH = YES;
				ONLY_ACTIVE_ARCH = YES;
				SDKROOT = iphoneos;
				SWIFT_ACTIVE_COMPILATION_CONDITIONS = "DEBUG $(inherited)";
				SWIFT_OPTIMIZATION_LEVEL = "-Onone";
			};
			name = Debug;
		};
		590844332ABED53F00DE2051 /* Release */ = {
			isa = XCBuildConfiguration;
			buildSettings = {
				ALWAYS_SEARCH_USER_PATHS = NO;
				ASSETCATALOG_COMPILER_GENERATE_SWIFT_ASSET_SYMBOL_EXTENSIONS = YES;
				CLANG_ANALYZER_NONNULL = YES;
				CLANG_ANALYZER_NUMBER_OBJECT_CONVERSION = YES_AGGRESSIVE;
				CLANG_CXX_LANGUAGE_STANDARD = "gnu++20";
				CLANG_ENABLE_MODULES = YES;
				CLANG_ENABLE_OBJC_ARC = YES;
				CLANG_ENABLE_OBJC_WEAK = YES;
				CLANG_WARN_BLOCK_CAPTURE_AUTORELEASING = YES;
				CLANG_WARN_BOOL_CONVERSION = YES;
				CLANG_WARN_COMMA = YES;
				CLANG_WARN_CONSTANT_CONVERSION = YES;
				CLANG_WARN_DEPRECATED_OBJC_IMPLEMENTATIONS = YES;
				CLANG_WARN_DIRECT_OBJC_ISA_USAGE = YES_ERROR;
				CLANG_WARN_DOCUMENTATION_COMMENTS = YES;
				CLANG_WARN_EMPTY_BODY = YES;
				CLANG_WARN_ENUM_CONVERSION = YES;
				CLANG_WARN_INFINITE_RECURSION = YES;
				CLANG_WARN_INT_CONVERSION = YES;
				CLANG_WARN_NON_LITERAL_NULL_CONVERSION = YES;
				CLANG_WARN_OBJC_IMPLICIT_RETAIN_SELF = YES;
				CLANG_WARN_OBJC_LITERAL_CONVERSION = YES;
				CLANG_WARN_OBJC_ROOT_CLASS = YES_ERROR;
				CLANG_WARN_QUOTED_INCLUDE_IN_FRAMEWORK_HEADER = YES;
				CLANG_WARN_RANGE_LOOP_ANALYSIS = YES;
				CLANG_WARN_STRICT_PROTOTYPES = YES;
				CLANG_WARN_SUSPICIOUS_MOVE = YES;
				CLANG_WARN_UNGUARDED_AVAILABILITY = YES_AGGRESSIVE;
				CLANG_WARN_UNREACHABLE_CODE = YES;
				CLANG_WARN__DUPLICATE_METHOD_MATCH = YES;
				COPY_PHASE_STRIP = NO;
				DEBUG_INFORMATION_FORMAT = "dwarf-with-dsym";
				ENABLE_NS_ASSERTIONS = NO;
				ENABLE_STRICT_OBJC_MSGSEND = YES;
				ENABLE_USER_SCRIPT_SANDBOXING = YES;
				GCC_C_LANGUAGE_STANDARD = gnu17;
				GCC_NO_COMMON_BLOCKS = YES;
				GCC_WARN_64_TO_32_BIT_CONVERSION = YES;
				GCC_WARN_ABOUT_RETURN_TYPE = YES_ERROR;
				GCC_WARN_UNDECLARED_SELECTOR = YES;
				GCC_WARN_UNINITIALIZED_AUTOS = YES_AGGRESSIVE;
				GCC_WARN_UNUSED_FUNCTION = YES;
				GCC_WARN_UNUSED_VARIABLE = YES;
				IPHONEOS_DEPLOYMENT_TARGET = 17.0;
				LOCALIZATION_PREFERS_STRING_CATALOGS = YES;
				MTL_ENABLE_DEBUG_INFO = NO;
				MTL_FAST_MATH = YES;
				SDKROOT = iphoneos;
				SWIFT_COMPILATION_MODE = wholemodule;
				VALIDATE_PRODUCT = YES;
			};
			name = Release;
		};
		590844352ABED53F00DE2051 /* Debug */ = {
			isa = XCBuildConfiguration;
			buildSettings = {
				ASSETCATALOG_COMPILER_APPICON_NAME = AppIcon;
				ASSETCATALOG_COMPILER_GLOBAL_ACCENT_COLOR_NAME = AccentColor;
				CODE_SIGN_STYLE = Automatic;
				CURRENT_PROJECT_VERSION = 1;
				DEVELOPMENT_ASSET_PATHS = "\"KasNusantara/Preview Content\"";
				DEVELOPMENT_TEAM = F239378APP;
				ENABLE_PREVIEWS = YES;
				GENERATE_INFOPLIST_FILE = YES;
				INFOPLIST_KEY_UIApplicationSceneManifest_Generation = YES;
				INFOPLIST_KEY_UIApplicationSupportsIndirectInputEvents = YES;
				INFOPLIST_KEY_UILaunchScreen_Generation = YES;
				INFOPLIST_KEY_UISupportedInterfaceOrientations_iPad = "UIInterfaceOrientationPortrait UIInterfaceOrientationPortraitUpsideDown UIInterfaceOrientationLandscapeLeft UIInterfaceOrientationLandscapeRight";
				INFOPLIST_KEY_UISupportedInterfaceOrientations_iPhone = "UIInterfaceOrientationPortrait UIInterfaceOrientationLandscapeLeft UIInterfaceOrientationLandscapeRight";
				LD_RUNPATH_SEARCH_PATHS = (
					"$(inherited)",
					"@executable_path/Frameworks",
				);
				MARKETING_VERSION = 1.0;
				PRODUCT_BUNDLE_IDENTIFIER = com.ada.KasNusantara;
				PRODUCT_NAME = "$(TARGET_NAME)";
				SWIFT_EMIT_LOC_STRINGS = YES;
				SWIFT_VERSION = 5.0;
				TARGETED_DEVICE_FAMILY = "1,2";
			};
			name = Debug;
		};
		590844362ABED53F00DE2051 /* Release */ = {
			isa = XCBuildConfiguration;
			buildSettings = {
				ASSETCATALOG_COMPILER_APPICON_NAME = AppIcon;
				ASSETCATALOG_COMPILER_GLOBAL_ACCENT_COLOR_NAME = AccentColor;
				CODE_SIGN_STYLE = Automatic;
				CURRENT_PROJECT_VERSION = 1;
				DEVELOPMENT_ASSET_PATHS = "\"KasNusantara/Preview Content\"";
				DEVELOPMENT_TEAM = F239378APP;
				ENABLE_PREVIEWS = YES;
				GENERATE_INFOPLIST_FILE = YES;
				INFOPLIST_KEY_UIApplicationSceneManifest_Generation = YES;
				INFOPLIST_KEY_UIApplicationSupportsIndirectInputEvents = YES;
				INFOPLIST_KEY_UILaunchScreen_Generation = YES;
				INFOPLIST_KEY_UISupportedInterfaceOrientations_iPad = "UIInterfaceOrientationPortrait UIInterfaceOrientationPortraitUpsideDown UIInterfaceOrientationLandscapeLeft UIInterfaceOrientationLandscapeRight";
				INFOPLIST_KEY_UISupportedInterfaceOrientations_iPhone = "UIInterfaceOrientationPortrait UIInterfaceOrientationLandscapeLeft UIInterfaceOrientationLandscapeRight";
				LD_RUNPATH_SEARCH_PATHS = (
					"$(inherited)",
					"@executable_path/Frameworks",
				);
				MARKETING_VERSION = 1.0;
				PRODUCT_BUNDLE_IDENTIFIER = com.ada.KasNusantara;
				PRODUCT_NAME = "$(TARGET_NAME)";
				SWIFT_EMIT_LOC_STRINGS = YES;
				SWIFT_VERSION = 5.0;
				TARGETED_DEVICE_FAMILY = "1,2";
			};
			name = Release;
		};
/* End XCBuildConfiguration section */

/* Begin XCConfigurationList section */
		590844212ABED53E00DE2051 /* Build configuration list for PBXProject "KasNusantara" */ = {
			isa = XCConfigurationList;
			buildConfigurations = (
				590844322ABED53F00DE2051 /* Debug */,
				590844332ABED53F00DE2051 /* Release */,
			);
			defaultConfigurationIsVisible = 0;
			defaultConfigurationName = Release;
		};
		590844342ABED53F00DE2051 /* Build configuration list for PBXNativeTarget "KasNusantara" */ = {
			isa = XCConfigurationList;
			buildConfigurations = (
				590844352ABED53F00DE2051 /* Debug */,
				590844362ABED53F00DE2051 /* Release */,
			);
			defaultConfigurationIsVisible = 0;
			defaultConfigurationName = Release;
		};
/* End XCConfigurationList section */
	};
	rootObject = 5908441E2ABED53E00DE2051 /* Project object */;
}
